
Microsoft Visual Studio Solution File, Format Version 12.00
# Visual Studio Version 17
VisualStudioVersion = 17.5.002.0
MinimumVisualStudioVersion = 10.0.40219.1
Project("{9A19103F-16F7-4668-BE54-9A1E7A4F7556}") = "Puzzle1", "Puzzle1\Puzzle1.csproj", "{2770A5D9-E4DD-49BF-AB54-D77A7FD9AA3E}"
EndProject
Project("{FAE04EC0-301F-11D3-BF4B-00C04F79EFBC}") = "Puzzle2", "Puzzle2\Puzzle2.csproj", "{1C288F80-B689-4E26-9F6D-19711ADB8AF0}"
EndProject
Global
	GlobalSection(SolutionConfigurationPlatforms) = preSolution
		Debug|Any CPU = Debug|Any CPU
		Release|Any CPU = Release|Any CPU
	EndGlobalSection
	GlobalSection(ProjectConfigurationPlatforms) = postSolution
		{2770A5D9-E4DD-49BF-AB54-D77A7FD9AA3E}.Debug|Any CPU.ActiveCfg = Debug|Any CPU
		{2770A5D9-E4DD-49BF-AB54-D77A7FD9AA3E}.Debug|Any CPU.Build.0 = Debug|Any CPU
		{2770A5D9-E4DD-49BF-AB54-D77A7FD9AA3E}.Release|Any CPU.ActiveCfg = Release|Any CPU
		{2770A5D9-E4DD-49BF-AB54-D77A7FD9AA3E}.Release|Any CPU.Build.0 = Release|Any CPU
		{1C288F80-B689-4E26-9F6D-19711ADB8AF0}.Debug|Any CPU.ActiveCfg = Debug|Any CPU
		{1C288F80-B689-4E26-9F6D-19711ADB8AF0}.Debug|Any CPU.Build.0 = Debug|Any CPU
		{1C288F80-B689-4E26-9F6D-19711ADB8AF0}.Release|Any CPU.ActiveCfg = Release|Any CPU
		{1C288F80-B689-4E26-9F6D-19711ADB8AF0}.Release|Any CPU.Build.0 = Release|Any CPU
	EndGlobalSection
	GlobalSection(SolutionProperties) = preSolution
		HideSolutionNode = FALSE
	EndGlobalSection
	GlobalSection(ExtensibilityGlobals) = postSolution
		SolutionGuid = {526954DA-4428-42CA-8274-ACE07DA088CA}
	EndGlobalSection
EndGlobal
